{
    "_readme": [
        "This file locks the dependencies of your project to a known state",
        "Read more about it at https://getcomposer.org/doc/01-basic-usage.md#installing-dependencies",
        "This file is @generated automatically"
    ],
    "content-hash": "7006e166e89d5c5f198f2e3a4aacb1a9",
    "packages": [
        {
            "name": "composer/installers",
            "version": "v1.9.0",
            "source": {
                "type": "git",
                "url": "https://github.com/composer/installers.git",
                "reference": "b93bcf0fa1fccb0b7d176b0967d969691cd74cca"
            },
            "dist": {
                "type": "zip",
                "url": "https://api.github.com/repos/composer/installers/zipball/b93bcf0fa1fccb0b7d176b0967d969691cd74cca",
                "reference": "b93bcf0fa1fccb0b7d176b0967d969691cd74cca",
                "shasum": ""
            },
            "require": {
                "composer-plugin-api": "^1.0 || ^2.0"
            },
            "replace": {
                "roundcube/plugin-installer": "*",
                "shama/baton": "*"
            },
            "require-dev": {
                "composer/composer": "1.6.* || 2.0.*@dev",
                "composer/semver": "1.0.* || 2.0.*@dev",
                "phpunit/phpunit": "^4.8.36",
                "sebastian/comparator": "^1.2.4",
                "symfony/process": "^2.3"
            },
            "type": "composer-plugin",
            "extra": {
                "class": "Composer\\Installers\\Plugin",
                "branch-alias": {
                    "dev-master": "1.0-dev"
                }
            },
            "autoload": {
                "psr-4": {
                    "Composer\\Installers\\": "src/Composer/Installers"
                }
            },
            "notification-url": "https://packagist.org/downloads/",
            "license": [
                "MIT"
            ],
            "authors": [
                {
                    "name": "Kyle Robinson Young",
                    "email": "kyle@dontkry.com",
                    "homepage": "https://github.com/shama"
                }
            ],
            "description": "A multi-framework Composer library installer",
            "homepage": "https://composer.github.io/installers/",
            "keywords": [
                "Craft",
                "Dolibarr",
                "Eliasis",
                "Hurad",
                "ImageCMS",
                "Kanboard",
                "Lan Management System",
                "MODX Evo",
                "MantisBT",
                "Mautic",
                "Maya",
                "OXID",
                "Plentymarkets",
                "Porto",
                "RadPHP",
                "SMF",
                "Thelia",
                "Whmcs",
                "WolfCMS",
                "agl",
                "aimeos",
                "annotatecms",
                "attogram",
                "bitrix",
                "cakephp",
                "chef",
                "cockpit",
                "codeigniter",
                "concrete5",
                "croogo",
                "dokuwiki",
                "drupal",
                "eZ Platform",
                "elgg",
                "expressionengine",
                "fuelphp",
                "grav",
                "installer",
                "itop",
                "joomla",
                "known",
                "kohana",
                "laravel",
                "lavalite",
                "lithium",
                "magento",
                "majima",
                "mako",
                "mediawiki",
                "modulework",
                "modx",
                "moodle",
                "osclass",
                "phpbb",
                "piwik",
                "ppi",
                "puppet",
                "pxcms",
                "reindex",
                "roundcube",
                "shopware",
                "silverstripe",
                "sydes",
                "sylius",
                "symfony",
                "typo3",
                "wordpress",
                "yawik",
                "zend",
                "zikula"
            ],
            "funding": [
                {
                    "url": "https://packagist.com",
                    "type": "custom"
                },
                {
                    "url": "https://tidelift.com/funding/github/packagist/composer/composer",
                    "type": "tidelift"
                }
            ],
            "time": "2020-04-07T06:57:05+00:00"
        },
        {
            "name": "fi/author-category",
            "version": "dev-master",
            "source": {
                "type": "git",
                "url": "https://github.com/lafranceinsoumise/wp-author-category.git",
                "reference": "9cfa56c65c71c5e579223a9bfcd0f4827391b852"
            },
            "dist": {
                "type": "zip",
                "url": "https://api.github.com/repos/lafranceinsoumise/wp-author-category/zipball/9cfa56c65c71c5e579223a9bfcd0f4827391b852",
                "reference": "9cfa56c65c71c5e579223a9bfcd0f4827391b852",
                "shasum": ""
            },
            "require": {
                "ext-json": "*",
                "php": ">=7.0"
            },
            "type": "wordpress-plugin",
            "license": [
                "GPL-3.0"
            ],
            "authors": [
                {
                    "name": "Jill Royer",
                    "email": "site@lafranceinsoumise.fr"
                }
            ],
            "homepage": "https://github.com/lafranceinsoumise/wp-author-category",
            "keywords": [
                "plugin",
                "wordpress"
            ],
            "support": {
                "source": "https://github.com/lafranceinsoumise/wp-author-category/tree/master",
                "issues": "https://github.com/lafranceinsoumise/wp-author-category/issues"
            },
            "time": "2020-07-21T20:14:02+00:00"
        },
        {
            "name": "fi/fi-wordpress-addons",
            "version": "dev-master",
            "source": {
                "type": "git",
                "url": "https://github.com/lafranceinsoumise/wp-plugin.git",
                "reference": "9942c96adcf4cd65a92a70417c53fd982ac6c761"
            },
            "dist": {
                "type": "zip",
                "url": "https://api.github.com/repos/lafranceinsoumise/wp-plugin/zipball/9942c96adcf4cd65a92a70417c53fd982ac6c761",
                "reference": "9942c96adcf4cd65a92a70417c53fd982ac6c761",
                "shasum": ""
            },
            "require": {
                "composer/installers": "~1.0",
                "php": ">=7.3"
            },
            "type": "wordpress-plugin",
            "license": [
                "GPL-3.0"
            ],
            "authors": [
                {
                    "name": "SIMON Florian",
                    "email": "fsimondev@gmail.com"
                },
                {
                    "name": "Jill Royer",
                    "email": "fi@jillroyer.me"
                },
                {
                    "name": "Cheysson Arthur",
                    "email": "arthur@cheysson.fr"
                }
            ],
            "homepage": "https://github.com/lafranceinsoumise/wp-plugin",
            "keywords": [
                "plugin",
                "wordpress"
            ],
            "support": {
                "source": "https://github.com/lafranceinsoumise/wp-plugin/tree/master",
                "issues": "https://github.com/lafranceinsoumise/wp-plugin/issues"
            },
            "time": "2020-09-09T13:56:02+00:00"
        },
        {
            "name": "jlm2017/theme-wp",
            "version": "dev-master",
            "source": {
                "type": "git",
                "url": "https://github.com/lafranceinsoumise/theme-wp.git",
                "reference": "84139e618e52854147cb5cd84e63dd13e2994f61"
            },
            "dist": {
                "type": "zip",
                "url": "https://api.github.com/repos/lafranceinsoumise/theme-wp/zipball/84139e618e52854147cb5cd84e63dd13e2994f61",
                "reference": "84139e618e52854147cb5cd84e63dd13e2994f61",
                "shasum": ""
            },
            "require": {
                "composer/installers": "~1.0",
                "php": ">=5.4.0"
            },
            "type": "wordpress-theme",
            "license": [
                "AGPL-3.0"
            ],
            "authors": [
                {
                    "name": "Guillaume Royer",
                    "email": "perso@guilro.com",
                    "homepage": "https://github.com/guilro"
                },
                {
                    "name": "Ben Word",
                    "email": "ben@benword.com",
                    "homepage": "https://github.com/retlehs"
                },
                {
                    "name": "Scott Walkinshaw",
                    "email": "scott.walkinshaw@gmail.com",
                    "homepage": "https://github.com/swalkinshaw"
                }
            ],
            "description": "The best WordPress starter theme with a modern front-end development workflow. Based on HTML5 Boilerplate, gulp, Bower, and Bootstrap.",
            "homepage": "https://github.com/guilro/theme-wp/",
            "keywords": [
                "wordpress"
            ],
            "support": {
                "issues": "https://github.com/roots/sage/issues",
                "forum": "https://discourse.roots.io/",
                "source": "https://github.com/lafranceinsoumise/theme-wp/tree/master"
            },
            "time": "2020-09-09T13:16:06+00:00"
        },
        {
            "name": "oscarotero/env",
            "version": "v1.2.0",
            "source": {
                "type": "git",
                "url": "https://github.com/oscarotero/env.git",
                "reference": "4ab45ce5c1f2c62549208426bfa20a3d5fa008c6"
            },
            "dist": {
                "type": "zip",
                "url": "https://api.github.com/repos/oscarotero/env/zipball/4ab45ce5c1f2c62549208426bfa20a3d5fa008c6",
                "reference": "4ab45ce5c1f2c62549208426bfa20a3d5fa008c6",
                "shasum": ""
            },
            "require": {
                "ext-ctype": "*",
                "php": ">=5.2"
            },
            "type": "library",
            "autoload": {
                "psr-0": {
                    "Env": "src/"
                }
            },
            "notification-url": "https://packagist.org/downloads/",
            "license": [
                "MIT"
            ],
            "authors": [
                {
                    "name": "Oscar Otero",
                    "email": "oom@oscarotero.com",
                    "homepage": "http://oscarotero.com",
                    "role": "Developer"
                }
            ],
            "description": "Simple library to consume environment variables",
            "homepage": "https://github.com/oscarotero/env",
            "keywords": [
                "env"
            ],
            "time": "2019-04-03T18:28:43+00:00"
        },
        {
            "name": "roots/wordpress",
            "version": "5.5.1",
            "source": {
                "type": "git",
                "url": "https://github.com/WordPress/WordPress.git",
                "reference": "5.5.1"
            },
            "dist": {
                "type": "zip",
                "url": "https://api.github.com/repos/WordPress/WordPress/zipball/5.5.1",
                "reference": "5.5.1"
            },
            "require": {
                "php": ">=5.3.2",
                "roots/wordpress-core-installer": ">=1.0.0"
            },
            "type": "wordpress-core",
            "notification-url": "https://packagist.org/downloads/",
            "license": [
                "GPL-2.0-or-later"
            ],
            "authors": [
                {
                    "name": "WordPress Community",
                    "homepage": "https://wordpress.org/about/"
                }
            ],
            "description": "WordPress is web software you can use to create a beautiful website or blog.",
            "homepage": "https://wordpress.org/",
            "keywords": [
                "blog",
                "cms",
                "wordpress"
            ],
            "funding": [
                {
                    "url": "https://github.com/roots",
                    "type": "github"
                },
                {
                    "url": "https://www.patreon.com/rootsdev",
                    "type": "patreon"
                }
            ],
            "time": "2020-09-01T18:56:09+00:00"
        },
        {
            "name": "roots/wordpress-core-installer",
            "version": "1.1.0",
            "source": {
                "type": "git",
                "url": "https://github.com/roots/wordpress-core-installer.git",
                "reference": "83744b1ba5bbdb5bb225f47e24da61a6cf6c5b80"
            },
            "dist": {
                "type": "zip",
                "url": "https://api.github.com/repos/roots/wordpress-core-installer/zipball/83744b1ba5bbdb5bb225f47e24da61a6cf6c5b80",
                "reference": "83744b1ba5bbdb5bb225f47e24da61a6cf6c5b80",
                "shasum": ""
            },
            "require": {
                "composer-plugin-api": "^1.0"
            },
            "conflict": {
                "composer/installers": "<1.0.6"
            },
            "replace": {
                "johnpbloch/wordpress-core-installer": "*"
            },
            "require-dev": {
                "composer/composer": "^1.0",
                "phpunit/phpunit": ">=4.8.35"
            },
            "type": "composer-plugin",
            "extra": {
                "class": "Roots\\Composer\\WordPressCorePlugin"
            },
            "autoload": {
                "psr-4": {
                    "Roots\\Composer\\": "src/"
                }
            },
            "notification-url": "https://packagist.org/downloads/",
            "license": [
                "GPL-2.0-or-later"
            ],
            "authors": [
                {
                    "name": "John P. Bloch",
                    "email": "me@johnpbloch.com"
                },
                {
                    "name": "Roots",
                    "email": "team@roots.io"
                }
            ],
            "description": "A custom installer to handle deploying WordPress with composer",
            "keywords": [
                "wordpress"
            ],
            "time": "2018-12-10T00:22:15+00:00"
        },
        {
            "name": "roots/wp-password-bcrypt",
            "version": "1.0.0",
            "source": {
                "type": "git",
                "url": "https://github.com/roots/wp-password-bcrypt.git",
                "reference": "5cecd2e98ccc3193443cc5c5db9b3bc7abed5ffa"
            },
            "dist": {
                "type": "zip",
                "url": "https://api.github.com/repos/roots/wp-password-bcrypt/zipball/5cecd2e98ccc3193443cc5c5db9b3bc7abed5ffa",
                "reference": "5cecd2e98ccc3193443cc5c5db9b3bc7abed5ffa",
                "shasum": ""
            },
            "require": {
                "composer/installers": "~1.0",
                "php": ">=5.5.0"
            },
            "require-dev": {
                "brain/monkey": "^1.3.1",
                "mockery/mockery": "^0.9.4",
                "phpunit/phpunit": "^4.8.23|^5.2.9",
                "squizlabs/php_codesniffer": "^2.5.1"
            },
            "type": "library",
            "autoload": {
                "files": [
                    "wp-password-bcrypt.php"
                ]
            },
            "notification-url": "https://packagist.org/downloads/",
            "license": [
                "MIT"
            ],
            "authors": [
                {
                    "name": "Scott Walkinshaw",
                    "email": "scott.walkinshaw@gmail.com",
                    "homepage": "https://github.com/swalkinshaw"
                },
                {
                    "name": "qwp6t",
                    "homepage": "https://github.com/qwp6t"
                },
                {
                    "name": "Jan Pingel",
                    "email": "jpingel@bitpiston.com",
                    "homepage": "http://janpingel.com"
                }
            ],
            "description": "WordPress plugin which replaces wp_hash_password and wp_check_password's phpass hasher with PHP 5.5's password_hash and password_verify using bcrypt.",
            "homepage": "https://roots.io/plugins/wp-password-bcrypt",
            "keywords": [
                "wordpress wp bcrypt password"
            ],
            "time": "2016-03-01T16:27:06+00:00"
        },
        {
            "name": "symfony/polyfill-ctype",
            "version": "v1.18.1",
            "source": {
                "type": "git",
                "url": "https://github.com/symfony/polyfill-ctype.git",
                "reference": "1c302646f6efc070cd46856e600e5e0684d6b454"
            },
            "dist": {
                "type": "zip",
                "url": "https://api.github.com/repos/symfony/polyfill-ctype/zipball/1c302646f6efc070cd46856e600e5e0684d6b454",
                "reference": "1c302646f6efc070cd46856e600e5e0684d6b454",
                "shasum": ""
            },
            "require": {
                "php": ">=5.3.3"
            },
            "suggest": {
                "ext-ctype": "For best performance"
            },
            "type": "library",
            "extra": {
                "branch-alias": {
                    "dev-master": "1.18-dev"
                },
                "thanks": {
                    "name": "symfony/polyfill",
                    "url": "https://github.com/symfony/polyfill"
                }
            },
            "autoload": {
                "psr-4": {
                    "Symfony\\Polyfill\\Ctype\\": ""
                },
                "files": [
                    "bootstrap.php"
                ]
            },
            "notification-url": "https://packagist.org/downloads/",
            "license": [
                "MIT"
            ],
            "authors": [
                {
                    "name": "Gert de Pagter",
                    "email": "BackEndTea@gmail.com"
                },
                {
                    "name": "Symfony Community",
                    "homepage": "https://symfony.com/contributors"
                }
            ],
            "description": "Symfony polyfill for ctype functions",
            "homepage": "https://symfony.com",
            "keywords": [
                "compatibility",
                "ctype",
                "polyfill",
                "portable"
            ],
            "funding": [
                {
                    "url": "https://symfony.com/sponsor",
                    "type": "custom"
                },
                {
                    "url": "https://github.com/fabpot",
                    "type": "github"
                },
                {
                    "url": "https://tidelift.com/funding/github/packagist/symfony/symfony",
                    "type": "tidelift"
                }
            ],
            "time": "2020-07-14T12:35:20+00:00"
        },
        {
            "name": "vlucas/phpdotenv",
            "version": "v2.6.6",
            "source": {
                "type": "git",
                "url": "https://github.com/vlucas/phpdotenv.git",
                "reference": "e1d57f62db3db00d9139078cbedf262280701479"
            },
            "dist": {
                "type": "zip",
                "url": "https://api.github.com/repos/vlucas/phpdotenv/zipball/e1d57f62db3db00d9139078cbedf262280701479",
                "reference": "e1d57f62db3db00d9139078cbedf262280701479",
                "shasum": ""
            },
            "require": {
                "php": "^5.3.9 || ^7.0 || ^8.0",
                "symfony/polyfill-ctype": "^1.17"
            },
            "require-dev": {
                "ext-filter": "*",
                "ext-pcre": "*",
                "phpunit/phpunit": "^4.8.35 || ^5.7.27"
            },
            "suggest": {
                "ext-filter": "Required to use the boolean validator.",
                "ext-pcre": "Required to use most of the library."
            },
            "type": "library",
            "extra": {
                "branch-alias": {
                    "dev-master": "2.6-dev"
                }
            },
            "autoload": {
                "psr-4": {
                    "Dotenv\\": "src/"
                }
            },
            "notification-url": "https://packagist.org/downloads/",
            "license": [
                "BSD-3-Clause"
            ],
            "authors": [
                {
                    "name": "Graham Campbell",
                    "email": "graham@alt-three.com",
                    "homepage": "https://gjcampbell.co.uk/"
                },
                {
                    "name": "Vance Lucas",
                    "email": "vance@vancelucas.com",
                    "homepage": "https://vancelucas.com/"
                }
            ],
            "description": "Loads environment variables from `.env` to `getenv()`, `$_ENV` and `$_SERVER` automagically.",
            "keywords": [
                "dotenv",
                "env",
                "environment"
            ],
            "funding": [
                {
                    "url": "https://github.com/GrahamCampbell",
                    "type": "github"
                },
                {
                    "url": "https://tidelift.com/funding/github/packagist/vlucas/phpdotenv",
                    "type": "tidelift"
                }
            ],
            "time": "2020-07-14T17:54:18+00:00"
        },
        {
            "name": "wpackagist-plugin/amp",
            "version": "2.0.1",
            "source": {
                "type": "svn",
                "url": "https://plugins.svn.wordpress.org/amp/",
                "reference": "tags/2.0.1"
            },
            "dist": {
                "type": "zip",
                "url": "https://downloads.wordpress.org/plugin/amp.2.0.1.zip"
            },
            "require": {
                "composer/installers": "~1.0"
            },
            "type": "wordpress-plugin",
            "homepage": "https://wordpress.org/plugins/amp/"
        },
        {
            "name": "wpackagist-plugin/autoptimize",
            "version": "2.7.7",
            "source": {
                "type": "svn",
                "url": "https://plugins.svn.wordpress.org/autoptimize/",
                "reference": "tags/2.7.7"
            },
            "dist": {
                "type": "zip",
                "url": "https://downloads.wordpress.org/plugin/autoptimize.2.7.7.zip"
            },
            "require": {
                "composer/installers": "~1.0"
            },
            "type": "wordpress-plugin",
            "homepage": "https://wordpress.org/plugins/autoptimize/"
        },
        {
            "name": "wpackagist-plugin/contact-form-7",
            "version": "5.2.2",
            "source": {
                "type": "svn",
                "url": "https://plugins.svn.wordpress.org/contact-form-7/",
                "reference": "tags/5.2.2"
            },
            "dist": {
                "type": "zip",
                "url": "https://downloads.wordpress.org/plugin/contact-form-7.5.2.2.zip"
            },
            "require": {
                "composer/installers": "~1.0"
            },
            "type": "wordpress-plugin",
            "homepage": "https://wordpress.org/plugins/contact-form-7/"
        },
        {
            "name": "wpackagist-plugin/elementor",
            "version": "3.0.8.1",
            "source": {
                "type": "svn",
                "url": "https://plugins.svn.wordpress.org/elementor/",
                "reference": "tags/3.0.8.1"
            },
            "dist": {
                "type": "zip",
                "url": "https://downloads.wordpress.org/plugin/elementor.3.0.8.1.zip"
            },
            "require": {
                "composer/installers": "~1.0"
            },
            "type": "wordpress-plugin",
            "homepage": "https://wordpress.org/plugins/elementor/"
        },
        {
            "name": "wpackagist-plugin/google-authenticator",
            "version": "0.52",
            "source": {
                "type": "svn",
                "url": "https://plugins.svn.wordpress.org/google-authenticator/",
                "reference": "tags/0.52"
            },
            "dist": {
                "type": "zip",
                "url": "https://downloads.wordpress.org/plugin/google-authenticator.0.52.zip"
            },
            "require": {
                "composer/installers": "~1.0"
            },
            "type": "wordpress-plugin",
            "homepage": "https://wordpress.org/plugins/google-authenticator/"
        },
        {
            "name": "wpackagist-plugin/gregs-comment-length-limiter",
            "version": "1.7",
            "source": {
                "type": "svn",
                "url": "https://plugins.svn.wordpress.org/gregs-comment-length-limiter/",
                "reference": "tags/1.7"
            },
            "dist": {
                "type": "zip",
                "url": "https://downloads.wordpress.org/plugin/gregs-comment-length-limiter.1.7.zip",
                "reference": "tags/1.7"
            },
            "require": {
                "composer/installers": "~1.0"
            },
            "type": "wordpress-plugin",
            "homepage": "https://wordpress.org/plugins/gregs-comment-length-limiter/"
        },
        {
            "name": "wpackagist-plugin/members",
            "version": "3.1.1",
            "source": {
                "type": "svn",
                "url": "https://plugins.svn.wordpress.org/members/",
                "reference": "tags/3.1.1"
            },
            "dist": {
                "type": "zip",
                "url": "https://downloads.wordpress.org/plugin/members.3.1.1.zip"
            },
            "require": {
                "composer/installers": "~1.0"
            },
            "type": "wordpress-plugin",
            "homepage": "https://wordpress.org/plugins/members/"
        },
        {
            "name": "wpackagist-plugin/menu-export",
            "version": "1.0.1",
            "source": {
                "type": "svn",
                "url": "https://plugins.svn.wordpress.org/menu-export/",
                "reference": "tags/1.0.1"
            },
            "dist": {
                "type": "zip",
                "url": "https://downloads.wordpress.org/plugin/menu-export.1.0.1.zip"
            },
            "require": {
                "composer/installers": "~1.0"
            },
            "type": "wordpress-plugin",
            "homepage": "https://wordpress.org/plugins/menu-export/"
        },
        {
            "name": "wpackagist-plugin/pdfjs-viewer-shortcode",
            "version": "1.5.4",
            "source": {
                "type": "svn",
                "url": "https://plugins.svn.wordpress.org/pdfjs-viewer-shortcode/",
                "reference": "tags/1.5.4"
            },
            "dist": {
                "type": "zip",
                "url": "https://downloads.wordpress.org/plugin/pdfjs-viewer-shortcode.1.5.4.zip"
            },
            "require": {
                "composer/installers": "~1.0"
            },
            "type": "wordpress-plugin",
            "homepage": "https://wordpress.org/plugins/pdfjs-viewer-shortcode/"
        },
        {
            "name": "wpackagist-plugin/read-meter",
            "version": "1.0.5",
            "source": {
                "type": "svn",
                "url": "https://plugins.svn.wordpress.org/read-meter/",
                "reference": "tags/1.0.5"
            },
            "dist": {
                "type": "zip",
                "url": "https://downloads.wordpress.org/plugin/read-meter.1.0.5.zip"
            },
            "require": {
                "composer/installers": "~1.0"
            },
            "type": "wordpress-plugin",
            "homepage": "https://wordpress.org/plugins/read-meter/"
        },
        {
            "name": "wpackagist-plugin/redirection",
            "version": "4.8",
            "source": {
                "type": "svn",
                "url": "https://plugins.svn.wordpress.org/redirection/",
                "reference": "tags/4.8"
            },
            "dist": {
                "type": "zip",
                "url": "https://downloads.wordpress.org/plugin/redirection.4.8.zip"
            },
            "require": {
                "composer/installers": "~1.0"
            },
            "type": "wordpress-plugin",
            "homepage": "https://wordpress.org/plugins/redirection/"
        },
        {
            "name": "wpackagist-plugin/redis-cache",
            "version": "1.6.3",
            "source": {
                "type": "svn",
                "url": "https://plugins.svn.wordpress.org/redis-cache/",
                "reference": "tags/1.6.3"
            },
            "dist": {
                "type": "zip",
                "url": "https://downloads.wordpress.org/plugin/redis-cache.1.6.3.zip"
            },
            "require": {
                "composer/installers": "~1.0"
            },
            "type": "wordpress-plugin",
            "homepage": "https://wordpress.org/plugins/redis-cache/"
        },
        {
            "name": "wpackagist-plugin/webp-simple",
            "version": "1.0.0",
            "source": {
                "type": "svn",
                "url": "https://plugins.svn.wordpress.org/webp-simple/",
                "reference": "tags/1.0.0"
            },
            "dist": {
                "type": "zip",
                "url": "https://downloads.wordpress.org/plugin/webp-simple.1.0.0.zip"
            },
            "require": {
                "composer/installers": "~1.0"
            },
            "type": "wordpress-plugin",
            "homepage": "https://wordpress.org/plugins/webp-simple/"
        },
        {
            "name": "wpackagist-plugin/wordpress-seo",
            "version": "14.9",
            "source": {
                "type": "svn",
                "url": "https://plugins.svn.wordpress.org/wordpress-seo/",
                "reference": "tags/14.9"
            },
            "dist": {
                "type": "zip",
                "url": "https://downloads.wordpress.org/plugin/wordpress-seo.14.9.zip"
            },
            "require": {
                "composer/installers": "~1.0"
            },
            "type": "wordpress-plugin",
            "homepage": "https://wordpress.org/plugins/wordpress-seo/"
        },
        {
            "name": "wpackagist-plugin/wp-maintenance",
            "version": "5.1.0",
            "source": {
                "type": "svn",
                "url": "https://plugins.svn.wordpress.org/wp-maintenance/",
                "reference": "tags/5.1.0"
            },
            "dist": {
                "type": "zip",
                "url": "https://downloads.wordpress.org/plugin/wp-maintenance.5.1.0.zip"
            },
            "require": {
                "composer/installers": "~1.0"
            },
            "type": "wordpress-plugin",
            "homepage": "https://wordpress.org/plugins/wp-maintenance/"
        },
        {
            "name": "wpackagist-plugin/wp-typography",
            "version": "5.7.1",
            "source": {
                "type": "svn",
                "url": "https://plugins.svn.wordpress.org/wp-typography/",
                "reference": "tags/5.7.1"
            },
            "dist": {
                "type": "zip",
                "url": "https://downloads.wordpress.org/plugin/wp-typography.5.7.1.zip"
            },
            "require": {
                "composer/installers": "~1.0"
            },
            "type": "wordpress-plugin",
            "homepage": "https://wordpress.org/plugins/wp-typography/"
        },
        {
            "name": "wpackagist-plugin/wpcf7-recaptcha",
            "version": "1.2.9",
            "source": {
                "type": "svn",
                "url": "https://plugins.svn.wordpress.org/wpcf7-recaptcha/",
                "reference": "tags/1.2.9"
            },
            "dist": {
                "type": "zip",
                "url": "https://downloads.wordpress.org/plugin/wpcf7-recaptcha.1.2.9.zip"
            },
            "require": {
                "composer/installers": "~1.0"
            },
            "type": "wordpress-plugin",
            "homepage": "https://wordpress.org/plugins/wpcf7-recaptcha/"
        },
        {
            "name": "wpackagist-theme/generatepress",
            "version": "2.4.2",
            "source": {
                "type": "svn",
                "url": "https://themes.svn.wordpress.org/generatepress/",
                "reference": "2.4.2"
            },
            "dist": {
                "type": "zip",
                "url": "https://downloads.wordpress.org/theme/generatepress.2.4.2.zip"
            },
            "require": {
                "composer/installers": "~1.0"
            },
            "type": "wordpress-theme",
            "homepage": "https://wordpress.org/themes/generatepress/"
        }
    ],
    "packages-dev": [
        {
            "name": "squizlabs/php_codesniffer",
            "version": "2.9.2",
            "source": {
                "type": "git",
                "url": "https://github.com/squizlabs/PHP_CodeSniffer.git",
                "reference": "2acf168de78487db620ab4bc524135a13cfe6745"
            },
            "dist": {
                "type": "zip",
                "url": "https://api.github.com/repos/squizlabs/PHP_CodeSniffer/zipball/2acf168de78487db620ab4bc524135a13cfe6745",
                "reference": "2acf168de78487db620ab4bc524135a13cfe6745",
                "shasum": ""
            },
            "require": {
                "ext-simplexml": "*",
                "ext-tokenizer": "*",
                "ext-xmlwriter": "*",
                "php": ">=5.1.2"
            },
            "require-dev": {
                "phpunit/phpunit": "~4.0"
            },
            "bin": [
                "scripts/phpcs",
                "scripts/phpcbf"
            ],
            "type": "library",
            "extra": {
                "branch-alias": {
                    "dev-master": "2.x-dev"
                }
            },
            "autoload": {
                "classmap": [
                    "CodeSniffer.php",
                    "CodeSniffer/CLI.php",
                    "CodeSniffer/Exception.php",
                    "CodeSniffer/File.php",
                    "CodeSniffer/Fixer.php",
                    "CodeSniffer/Report.php",
                    "CodeSniffer/Reporting.php",
                    "CodeSniffer/Sniff.php",
                    "CodeSniffer/Tokens.php",
                    "CodeSniffer/Reports/",
                    "CodeSniffer/Tokenizers/",
                    "CodeSniffer/DocGenerators/",
                    "CodeSniffer/Standards/AbstractPatternSniff.php",
                    "CodeSniffer/Standards/AbstractScopeSniff.php",
                    "CodeSniffer/Standards/AbstractVariableSniff.php",
                    "CodeSniffer/Standards/IncorrectPatternException.php",
                    "CodeSniffer/Standards/Generic/Sniffs/",
                    "CodeSniffer/Standards/MySource/Sniffs/",
                    "CodeSniffer/Standards/PEAR/Sniffs/",
                    "CodeSniffer/Standards/PSR1/Sniffs/",
                    "CodeSniffer/Standards/PSR2/Sniffs/",
                    "CodeSniffer/Standards/Squiz/Sniffs/",
                    "CodeSniffer/Standards/Zend/Sniffs/"
                ]
            },
            "notification-url": "https://packagist.org/downloads/",
            "license": [
                "BSD-3-Clause"
            ],
            "authors": [
                {
                    "name": "Greg Sherwood",
                    "role": "lead"
                }
            ],
            "description": "PHP_CodeSniffer tokenizes PHP, JavaScript and CSS files and detects violations of a defined set of coding standards.",
            "homepage": "http://www.squizlabs.com/php-codesniffer",
            "keywords": [
                "phpcs",
                "standards"
            ],
            "time": "2018-11-07T22:31:41+00:00"
        }
    ],
    "aliases": [],
    "minimum-stability": "stable",
    "stability-flags": {
        "jlm2017/theme-wp": 20,
        "fi/fi-wordpress-addons": 20,
        "fi/author-category": 20
    },
    "prefer-stable": false,
    "prefer-lowest": false,
    "platform": {
        "php": ">=5.6"
    },
    "platform-dev": [],
    "plugin-api-version": "1.1.0"
}
